
Microsoft Visual Studio Solution File, Format Version 12.00
# Visual Studio Version 16
VisualStudioVersion = 16.0.31229.75
MinimumVisualStudioVersion = 10.0.40219.1
Project("{FAE04EC0-301F-11D3-BF4B-00C04F79EFBC}") = "strp.delivery.WebUI", "strp.delivery.WebUI\strp.delivery.WebUI.csproj", "{43B17C9F-A61D-498B-81E0-4454C4BDF596}"
EndProject
Project("{2150E333-8FDC-42A3-9474-1A3956D46DE8}") = "Src", "Src", "{CA467E5C-AD68-4076-934D-907B95EFE7ED}"
EndProject
Project("{2150E333-8FDC-42A3-9474-1A3956D46DE8}") = "Tests", "Tests", "{34E383A0-5BC8-43C1-9426-FD96264A7983}"
EndProject
Project("{2150E333-8FDC-42A3-9474-1A3956D46DE8}") = "WebUI", "WebUI", "{CF9F6B9E-1543-4DFB-A767-B6F0EF78AB40}"
EndProject
Project("{2150E333-8FDC-42A3-9474-1A3956D46DE8}") = "Application", "Application", "{63C1E474-B120-47C4-B907-1CF82D8331F9}"
EndProject
Project("{2150E333-8FDC-42A3-9474-1A3956D46DE8}") = "Infrastructure", "Infrastructure", "{B49966FD-CFEF-450D-802D-D60BD0AD9843}"
EndProject
Project("{2150E333-8FDC-42A3-9474-1A3956D46DE8}") = "Domain", "Domain", "{60585E7B-FD86-4ABD-B837-92C3896212FA}"
EndProject
Project("{FAE04EC0-301F-11D3-BF4B-00C04F79EFBC}") = "Domain", "Domain\Domain.csproj", "{A36E1C30-0B1E-4175-B404-5603A6EBEA93}"
EndProject
Project("{FAE04EC0-301F-11D3-BF4B-00C04F79EFBC}") = "Infrastructure", "Infrastructure\Infrastructure.csproj", "{1F4F71C5-E1B0-46F4-A52E-A281B6DC2C54}"
EndProject
Project("{FAE04EC0-301F-11D3-BF4B-00C04F79EFBC}") = "Application", "Application\Application.csproj", "{896847EA-BD90-40CA-A3DB-726F4CB62169}"
EndProject
Global
	GlobalSection(SolutionConfigurationPlatforms) = preSolution
		Debug|Any CPU = Debug|Any CPU
		Release|Any CPU = Release|Any CPU
	EndGlobalSection
	GlobalSection(ProjectConfigurationPlatforms) = postSolution
		{43B17C9F-A61D-498B-81E0-4454C4BDF596}.Debug|Any CPU.ActiveCfg = Debug|Any CPU
		{43B17C9F-A61D-498B-81E0-4454C4BDF596}.Debug|Any CPU.Build.0 = Debug|Any CPU
		{43B17C9F-A61D-498B-81E0-4454C4BDF596}.Release|Any CPU.ActiveCfg = Release|Any CPU
		{43B17C9F-A61D-498B-81E0-4454C4BDF596}.Release|Any CPU.Build.0 = Release|Any CPU
		{A36E1C30-0B1E-4175-B404-5603A6EBEA93}.Debug|Any CPU.ActiveCfg = Debug|Any CPU
		{A36E1C30-0B1E-4175-B404-5603A6EBEA93}.Debug|Any CPU.Build.0 = Debug|Any CPU
		{A36E1C30-0B1E-4175-B404-5603A6EBEA93}.Release|Any CPU.ActiveCfg = Release|Any CPU
		{A36E1C30-0B1E-4175-B404-5603A6EBEA93}.Release|Any CPU.Build.0 = Release|Any CPU
		{1F4F71C5-E1B0-46F4-A52E-A281B6DC2C54}.Debug|Any CPU.ActiveCfg = Debug|Any CPU
		{1F4F71C5-E1B0-46F4-A52E-A281B6DC2C54}.Debug|Any CPU.Build.0 = Debug|Any CPU
		{1F4F71C5-E1B0-46F4-A52E-A281B6DC2C54}.Release|Any CPU.ActiveCfg = Release|Any CPU
		{1F4F71C5-E1B0-46F4-A52E-A281B6DC2C54}.Release|Any CPU.Build.0 = Release|Any CPU
		{896847EA-BD90-40CA-A3DB-726F4CB62169}.Debug|Any CPU.ActiveCfg = Debug|Any CPU
		{896847EA-BD90-40CA-A3DB-726F4CB62169}.Debug|Any CPU.Build.0 = Debug|Any CPU
		{896847EA-BD90-40CA-A3DB-726F4CB62169}.Release|Any CPU.ActiveCfg = Release|Any CPU
		{896847EA-BD90-40CA-A3DB-726F4CB62169}.Release|Any CPU.Build.0 = Release|Any CPU
	EndGlobalSection
	GlobalSection(SolutionProperties) = preSolution
		HideSolutionNode = FALSE
	EndGlobalSection
	GlobalSection(NestedProjects) = preSolution
		{43B17C9F-A61D-498B-81E0-4454C4BDF596} = {CF9F6B9E-1543-4DFB-A767-B6F0EF78AB40}
		{CF9F6B9E-1543-4DFB-A767-B6F0EF78AB40} = {CA467E5C-AD68-4076-934D-907B95EFE7ED}
		{63C1E474-B120-47C4-B907-1CF82D8331F9} = {CA467E5C-AD68-4076-934D-907B95EFE7ED}
		{B49966FD-CFEF-450D-802D-D60BD0AD9843} = {CA467E5C-AD68-4076-934D-907B95EFE7ED}
		{60585E7B-FD86-4ABD-B837-92C3896212FA} = {CA467E5C-AD68-4076-934D-907B95EFE7ED}
		{A36E1C30-0B1E-4175-B404-5603A6EBEA93} = {60585E7B-FD86-4ABD-B837-92C3896212FA}
		{1F4F71C5-E1B0-46F4-A52E-A281B6DC2C54} = {B49966FD-CFEF-450D-802D-D60BD0AD9843}
		{896847EA-BD90-40CA-A3DB-726F4CB62169} = {63C1E474-B120-47C4-B907-1CF82D8331F9}
	EndGlobalSection
	GlobalSection(ExtensibilityGlobals) = postSolution
		SolutionGuid = {54C47D03-90BE-46FA-B717-3C153B99940D}
	EndGlobalSection
EndGlobal
